
Microsoft Visual Studio Solution File, Format Version 12.00
# Visual Studio Version 17
VisualStudioVersion = 17.6.33815.320
MinimumVisualStudioVersion = 10.0.40219.1
Project("{FAE04EC0-301F-11D3-BF4B-00C04F79EFBC}") = "Obfuscar_CS_test", "Obfuscar_CS_test\Obfuscar_CS_test.csproj", "{52855FAE-3CC0-4FCF-B983-772977D03338}"
EndProject
Global
	GlobalSection(SolutionConfigurationPlatforms) = preSolution
		Debug|Any CPU = Debug|Any CPU
		Debug|x86 = Debug|x86
		Release|Any CPU = Release|Any CPU
		Release|x86 = Release|x86
	EndGlobalSection
	GlobalSection(ProjectConfigurationPlatforms) = postSolution
		{52855FAE-3CC0-4FCF-B983-772977D03338}.Debug|Any CPU.ActiveCfg = Debug|x86
		{52855FAE-3CC0-4FCF-B983-772977D03338}.Debug|Any CPU.Build.0 = Debug|x86
		{52855FAE-3CC0-4FCF-B983-772977D03338}.Debug|x86.ActiveCfg = Debug|x86
		{52855FAE-3CC0-4FCF-B983-772977D03338}.Debug|x86.Build.0 = Debug|x86
		{52855FAE-3CC0-4FCF-B983-772977D03338}.Release|Any CPU.ActiveCfg = Release|Any CPU
		{52855FAE-3CC0-4FCF-B983-772977D03338}.Release|Any CPU.Build.0 = Release|Any CPU
		{52855FAE-3CC0-4FCF-B983-772977D03338}.Release|x86.ActiveCfg = Release|Any CPU
		{52855FAE-3CC0-4FCF-B983-772977D03338}.Release|x86.Build.0 = Release|Any CPU
	EndGlobalSection
	GlobalSection(SolutionProperties) = preSolution
		HideSolutionNode = FALSE
	EndGlobalSection
	GlobalSection(ExtensibilityGlobals) = postSolution
		SolutionGuid = {7A01F7EA-D0F1-4BC9-9F64-099263158003}
	EndGlobalSection
EndGlobal
